Microsoft Visual Studio Solution File, Format Version 10.00
# Visual C++ Express 2008
Project("{8BC9CEB8-8B4A-11D0-8D11-00A0C91BC942}") = "ogreopcode", "ogreopcode_VC9.vcproj", "{38E0EE4E-1D0C-4335-9968-412D376AB431}"
	ProjectSection(ProjectDependencies) = postProject
		{DBE44CA3-2912-4441-8D99-AA2242688AD2} = {DBE44CA3-2912-4441-8D99-AA2242688AD2}
	EndProjectSection
EndProject
Project("{8BC9CEB8-8B4A-11D0-8D11-00A0C91BC942}") = "ogreopcodedemo", "..\demo\ogreopcodedemo.vcproj", "{39EDCB92-8328-4B7D-81D9-69B4DC428EC2}"
EndProject
Project("{8BC9CEB8-8B4A-11D0-8D11-00A0C91BC942}") = "ogrecollide", "D:\ogreconglo\ogrecollide\trunk\ogrecollide.vcproj", "{D4ACA2BE-4435-412E-832E-F06DF072376E}"
EndProject
Project("{8BC9CEB8-8B4A-11D0-8D11-00A0C91BC942}") = "wxtest", "..\wxtest\wxtest.vcproj", "{E36B2650-2C6E-44B9-B8B9-7059D30D1A2C}"
EndProject
Project("{8BC9CEB8-8B4A-11D0-8D11-00A0C91BC942}") = "CDTestFramework", "..\..\CDTestFramework\CDTestFramework.vcproj", "{0565DB39-45CC-416E-B549-BFC24F2666D1}"
EndProject
Project("{8BC9CEB8-8B4A-11D0-8D11-00A0C91BC942}") = "SweepAndPrune", "..\..\CDTestFramework\SweepAndPrune\SweepAndPrune.vcproj", "{1D8FCFAA-EF9F-4C56-96CF-2B77B8610482}"
EndProject
Project("{8BC9CEB8-8B4A-11D0-8D11-00A0C91BC942}") = "PairManager", "..\..\CDTestFramework\PairManager\PairManager.vcproj", "{A699F783-060D-49F4-9F19-4632ED8DFFCF}"
EndProject
Project("{8BC9CEB8-8B4A-11D0-8D11-00A0C91BC942}") = "collision", "..\..\opcodetest\collision\collision\collision.vcproj", "{6D6C02F7-0656-4655-8868-E67EC81CB70B}"
EndProject
Project("{8BC9CEB8-8B4A-11D0-8D11-00A0C91BC942}") = "Opcode", "..\opcode\Opcode.vcproj", "{DBE44CA3-2912-4441-8D99-AA2242688AD2}"
EndProject
Global
	GlobalSection(SolutionConfigurationPlatforms) = preSolution
		Debug|Win32 = Debug|Win32
		DebugStatic|Win32 = DebugStatic|Win32
		DebugStaticLib|Win32 = DebugStaticLib|Win32
		NoOgre - Debug|Win32 = NoOgre - Debug|Win32
		NoOgre - Release|Win32 = NoOgre - Release|Win32
		Release|Win32 = Release|Win32
		ReleaseStatic|Win32 = ReleaseStatic|Win32
		ReleaseStaticLib|Win32 = ReleaseStaticLib|Win32
		Static - Debug|Win32 = Static - Debug|Win32
		Static - Release|Win32 = Static - Release|Win32
	EndGlobalSection
	GlobalSection(ProjectConfigurationPlatforms) = postSolution
		{38E0EE4E-1D0C-4335-9968-412D376AB431}.Debug|Win32.ActiveCfg = Debug|Win32
		{38E0EE4E-1D0C-4335-9968-412D376AB431}.Debug|Win32.Build.0 = Debug|Win32
		{38E0EE4E-1D0C-4335-9968-412D376AB431}.DebugStatic|Win32.ActiveCfg = Debug|Win32
		{38E0EE4E-1D0C-4335-9968-412D376AB431}.DebugStatic|Win32.Build.0 = Debug|Win32
		{38E0EE4E-1D0C-4335-9968-412D376AB431}.DebugStaticLib|Win32.ActiveCfg = Debug|Win32
		{38E0EE4E-1D0C-4335-9968-412D376AB431}.DebugStaticLib|Win32.Build.0 = Debug|Win32
		{38E0EE4E-1D0C-4335-9968-412D376AB431}.NoOgre - Debug|Win32.ActiveCfg = NoOgre - Debug|Win32
		{38E0EE4E-1D0C-4335-9968-412D376AB431}.NoOgre - Debug|Win32.Build.0 = NoOgre - Debug|Win32
		{38E0EE4E-1D0C-4335-9968-412D376AB431}.NoOgre - Release|Win32.ActiveCfg = NoOgre - Release|Win32
		{38E0EE4E-1D0C-4335-9968-412D376AB431}.NoOgre - Release|Win32.Build.0 = NoOgre - Release|Win32
		{38E0EE4E-1D0C-4335-9968-412D376AB431}.Release|Win32.ActiveCfg = Release|Win32
		{38E0EE4E-1D0C-4335-9968-412D376AB431}.Release|Win32.Build.0 = Release|Win32
		{38E0EE4E-1D0C-4335-9968-412D376AB431}.ReleaseStatic|Win32.ActiveCfg = Release|Win32
		{38E0EE4E-1D0C-4335-9968-412D376AB431}.ReleaseStatic|Win32.Build.0 = Release|Win32
		{38E0EE4E-1D0C-4335-9968-412D376AB431}.ReleaseStaticLib|Win32.ActiveCfg = Release|Win32
		{38E0EE4E-1D0C-4335-9968-412D376AB431}.ReleaseStaticLib|Win32.Build.0 = Release|Win32
		{38E0EE4E-1D0C-4335-9968-412D376AB431}.Static - Debug|Win32.ActiveCfg = Static - Debug|Win32
		{38E0EE4E-1D0C-4335-9968-412D376AB431}.Static - Debug|Win32.Build.0 = Static - Debug|Win32
		{38E0EE4E-1D0C-4335-9968-412D376AB431}.Static - Release|Win32.ActiveCfg = Static - Release|Win32
		{38E0EE4E-1D0C-4335-9968-412D376AB431}.Static - Release|Win32.Build.0 = Static - Release|Win32
		{39EDCB92-8328-4B7D-81D9-69B4DC428EC2}.Debug|Win32.ActiveCfg = Debug|Win32
		{39EDCB92-8328-4B7D-81D9-69B4DC428EC2}.Debug|Win32.Build.0 = Debug|Win32
		{39EDCB92-8328-4B7D-81D9-69B4DC428EC2}.DebugStatic|Win32.ActiveCfg = Debug|Win32
		{39EDCB92-8328-4B7D-81D9-69B4DC428EC2}.DebugStatic|Win32.Build.0 = Debug|Win32
		{39EDCB92-8328-4B7D-81D9-69B4DC428EC2}.DebugStaticLib|Win32.ActiveCfg = Debug|Win32
		{39EDCB92-8328-4B7D-81D9-69B4DC428EC2}.DebugStaticLib|Win32.Build.0 = Debug|Win32
		{39EDCB92-8328-4B7D-81D9-69B4DC428EC2}.NoOgre - Debug|Win32.ActiveCfg = Debug|Win32
		{39EDCB92-8328-4B7D-81D9-69B4DC428EC2}.NoOgre - Debug|Win32.Build.0 = Debug|Win32
		{39EDCB92-8328-4B7D-81D9-69B4DC428EC2}.NoOgre - Release|Win32.ActiveCfg = Release|Win32
		{39EDCB92-8328-4B7D-81D9-69B4DC428EC2}.NoOgre - Release|Win32.Build.0 = Release|Win32
		{39EDCB92-8328-4B7D-81D9-69B4DC428EC2}.Release|Win32.ActiveCfg = Release|Win32
		{39EDCB92-8328-4B7D-81D9-69B4DC428EC2}.Release|Win32.Build.0 = Release|Win32
		{39EDCB92-8328-4B7D-81D9-69B4DC428EC2}.ReleaseStatic|Win32.ActiveCfg = Release|Win32
		{39EDCB92-8328-4B7D-81D9-69B4DC428EC2}.ReleaseStatic|Win32.Build.0 = Release|Win32
		{39EDCB92-8328-4B7D-81D9-69B4DC428EC2}.ReleaseStaticLib|Win32.ActiveCfg = Release|Win32
		{39EDCB92-8328-4B7D-81D9-69B4DC428EC2}.ReleaseStaticLib|Win32.Build.0 = Release|Win32
		{39EDCB92-8328-4B7D-81D9-69B4DC428EC2}.Static - Debug|Win32.ActiveCfg = Debug|Win32
		{39EDCB92-8328-4B7D-81D9-69B4DC428EC2}.Static - Debug|Win32.Build.0 = Debug|Win32
		{39EDCB92-8328-4B7D-81D9-69B4DC428EC2}.Static - Release|Win32.ActiveCfg = Release|Win32
		{39EDCB92-8328-4B7D-81D9-69B4DC428EC2}.Static - Release|Win32.Build.0 = Release|Win32
		{D4ACA2BE-4435-412E-832E-F06DF072376E}.Debug|Win32.ActiveCfg = Debug|Win32
		{D4ACA2BE-4435-412E-832E-F06DF072376E}.Debug|Win32.Build.0 = Debug|Win32
		{D4ACA2BE-4435-412E-832E-F06DF072376E}.DebugStatic|Win32.ActiveCfg = Debug|Win32
		{D4ACA2BE-4435-412E-832E-F06DF072376E}.DebugStatic|Win32.Build.0 = Debug|Win32
		{D4ACA2BE-4435-412E-832E-F06DF072376E}.DebugStaticLib|Win32.ActiveCfg = Debug|Win32
		{D4ACA2BE-4435-412E-832E-F06DF072376E}.DebugStaticLib|Win32.Build.0 = Debug|Win32
		{D4ACA2BE-4435-412E-832E-F06DF072376E}.NoOgre - Debug|Win32.ActiveCfg = Debug|Win32
		{D4ACA2BE-4435-412E-832E-F06DF072376E}.NoOgre - Debug|Win32.Build.0 = Debug|Win32
		{D4ACA2BE-4435-412E-832E-F06DF072376E}.NoOgre - Release|Win32.ActiveCfg = Release|Win32
		{D4ACA2BE-4435-412E-832E-F06DF072376E}.NoOgre - Release|Win32.Build.0 = Release|Win32
		{D4ACA2BE-4435-412E-832E-F06DF072376E}.Release|Win32.ActiveCfg = Release|Win32
		{D4ACA2BE-4435-412E-832E-F06DF072376E}.Release|Win32.Build.0 = Release|Win32
		{D4ACA2BE-4435-412E-832E-F06DF072376E}.ReleaseStatic|Win32.ActiveCfg = Release|Win32
		{D4ACA2BE-4435-412E-832E-F06DF072376E}.ReleaseStatic|Win32.Build.0 = Release|Win32
		{D4ACA2BE-4435-412E-832E-F06DF072376E}.ReleaseStaticLib|Win32.ActiveCfg = Release|Win32
		{D4ACA2BE-4435-412E-832E-F06DF072376E}.ReleaseStaticLib|Win32.Build.0 = Release|Win32
		{D4ACA2BE-4435-412E-832E-F06DF072376E}.Static - Debug|Win32.ActiveCfg = Debug|Win32
		{D4ACA2BE-4435-412E-832E-F06DF072376E}.Static - Debug|Win32.Build.0 = Debug|Win32
		{D4ACA2BE-4435-412E-832E-F06DF072376E}.Static - Release|Win32.ActiveCfg = Release|Win32
		{D4ACA2BE-4435-412E-832E-F06DF072376E}.Static - Release|Win32.Build.0 = Release|Win32
		{E36B2650-2C6E-44B9-B8B9-7059D30D1A2C}.Debug|Win32.ActiveCfg = Debug|Win32
		{E36B2650-2C6E-44B9-B8B9-7059D30D1A2C}.Debug|Win32.Build.0 = Debug|Win32
		{E36B2650-2C6E-44B9-B8B9-7059D30D1A2C}.DebugStatic|Win32.ActiveCfg = Debug|Win32
		{E36B2650-2C6E-44B9-B8B9-7059D30D1A2C}.DebugStatic|Win32.Build.0 = Debug|Win32
		{E36B2650-2C6E-44B9-B8B9-7059D30D1A2C}.DebugStaticLib|Win32.ActiveCfg = Debug|Win32
		{E36B2650-2C6E-44B9-B8B9-7059D30D1A2C}.DebugStaticLib|Win32.Build.0 = Debug|Win32
		{E36B2650-2C6E-44B9-B8B9-7059D30D1A2C}.NoOgre - Debug|Win32.ActiveCfg = Debug|Win32
		{E36B2650-2C6E-44B9-B8B9-7059D30D1A2C}.NoOgre - Debug|Win32.Build.0 = Debug|Win32
		{E36B2650-2C6E-44B9-B8B9-7059D30D1A2C}.NoOgre - Release|Win32.ActiveCfg = Release|Win32
		{E36B2650-2C6E-44B9-B8B9-7059D30D1A2C}.NoOgre - Release|Win32.Build.0 = Release|Win32
		{E36B2650-2C6E-44B9-B8B9-7059D30D1A2C}.Release|Win32.ActiveCfg = Release|Win32
		{E36B2650-2C6E-44B9-B8B9-7059D30D1A2C}.Release|Win32.Build.0 = Release|Win32
		{E36B2650-2C6E-44B9-B8B9-7059D30D1A2C}.ReleaseStatic|Win32.ActiveCfg = Release|Win32
		{E36B2650-2C6E-44B9-B8B9-7059D30D1A2C}.ReleaseStatic|Win32.Build.0 = Release|Win32
		{E36B2650-2C6E-44B9-B8B9-7059D30D1A2C}.ReleaseStaticLib|Win32.ActiveCfg = Release|Win32
		{E36B2650-2C6E-44B9-B8B9-7059D30D1A2C}.ReleaseStaticLib|Win32.Build.0 = Release|Win32
		{E36B2650-2C6E-44B9-B8B9-7059D30D1A2C}.Static - Debug|Win32.ActiveCfg = Debug|Win32
		{E36B2650-2C6E-44B9-B8B9-7059D30D1A2C}.Static - Debug|Win32.Build.0 = Debug|Win32
		{E36B2650-2C6E-44B9-B8B9-7059D30D1A2C}.Static - Release|Win32.ActiveCfg = Release|Win32
		{E36B2650-2C6E-44B9-B8B9-7059D30D1A2C}.Static - Release|Win32.Build.0 = Release|Win32
		{0565DB39-45CC-416E-B549-BFC24F2666D1}.Debug|Win32.ActiveCfg = Debug|Win32
		{0565DB39-45CC-416E-B549-BFC24F2666D1}.Debug|Win32.Build.0 = Debug|Win32
		{0565DB39-45CC-416E-B549-BFC24F2666D1}.DebugStatic|Win32.ActiveCfg = Debug|Win32
		{0565DB39-45CC-416E-B549-BFC24F2666D1}.DebugStatic|Win32.Build.0 = Debug|Win32
		{0565DB39-45CC-416E-B549-BFC24F2666D1}.DebugStaticLib|Win32.ActiveCfg = Debug|Win32
		{0565DB39-45CC-416E-B549-BFC24F2666D1}.DebugStaticLib|Win32.Build.0 = Debug|Win32
		{0565DB39-45CC-416E-B549-BFC24F2666D1}.NoOgre - Debug|Win32.ActiveCfg = Debug|Win32
		{0565DB39-45CC-416E-B549-BFC24F2666D1}.NoOgre - Debug|Win32.Build.0 = Debug|Win32
		{0565DB39-45CC-416E-B549-BFC24F2666D1}.NoOgre - Release|Win32.ActiveCfg = Release|Win32
		{0565DB39-45CC-416E-B549-BFC24F2666D1}.NoOgre - Release|Win32.Build.0 = Release|Win32
		{0565DB39-45CC-416E-B549-BFC24F2666D1}.Release|Win32.ActiveCfg = Release|Win32
		{0565DB39-45CC-416E-B549-BFC24F2666D1}.Release|Win32.Build.0 = Release|Win32
		{0565DB39-45CC-416E-B549-BFC24F2666D1}.ReleaseStatic|Win32.ActiveCfg = Release|Win32
		{0565DB39-45CC-416E-B549-BFC24F2666D1}.ReleaseStatic|Win32.Build.0 = Release|Win32
		{0565DB39-45CC-416E-B549-BFC24F2666D1}.ReleaseStaticLib|Win32.ActiveCfg = Release|Win32
		{0565DB39-45CC-416E-B549-BFC24F2666D1}.ReleaseStaticLib|Win32.Build.0 = Release|Win32
		{0565DB39-45CC-416E-B549-BFC24F2666D1}.Static - Debug|Win32.ActiveCfg = Debug|Win32
		{0565DB39-45CC-416E-B549-BFC24F2666D1}.Static - Debug|Win32.Build.0 = Debug|Win32
		{0565DB39-45CC-416E-B549-BFC24F2666D1}.Static - Release|Win32.ActiveCfg = Release|Win32
		{0565DB39-45CC-416E-B549-BFC24F2666D1}.Static - Release|Win32.Build.0 = Release|Win32
		{1D8FCFAA-EF9F-4C56-96CF-2B77B8610482}.Debug|Win32.ActiveCfg = Debug|Win32
		{1D8FCFAA-EF9F-4C56-96CF-2B77B8610482}.Debug|Win32.Build.0 = Debug|Win32
		{1D8FCFAA-EF9F-4C56-96CF-2B77B8610482}.DebugStatic|Win32.ActiveCfg = Debug|Win32
		{1D8FCFAA-EF9F-4C56-96CF-2B77B8610482}.DebugStatic|Win32.Build.0 = Debug|Win32
		{1D8FCFAA-EF9F-4C56-96CF-2B77B8610482}.DebugStaticLib|Win32.ActiveCfg = Debug|Win32
		{1D8FCFAA-EF9F-4C56-96CF-2B77B8610482}.DebugStaticLib|Win32.Build.0 = Debug|Win32
		{1D8FCFAA-EF9F-4C56-96CF-2B77B8610482}.NoOgre - Debug|Win32.ActiveCfg = Debug|Win32
		{1D8FCFAA-EF9F-4C56-96CF-2B77B8610482}.NoOgre - Debug|Win32.Build.0 = Debug|Win32
		{1D8FCFAA-EF9F-4C56-96CF-2B77B8610482}.NoOgre - Release|Win32.ActiveCfg = Release|Win32
		{1D8FCFAA-EF9F-4C56-96CF-2B77B8610482}.NoOgre - Release|Win32.Build.0 = Release|Win32
		{1D8FCFAA-EF9F-4C56-96CF-2B77B8610482}.Release|Win32.ActiveCfg = Release|Win32
		{1D8FCFAA-EF9F-4C56-96CF-2B77B8610482}.Release|Win32.Build.0 = Release|Win32
		{1D8FCFAA-EF9F-4C56-96CF-2B77B8610482}.ReleaseStatic|Win32.ActiveCfg = Release|Win32
		{1D8FCFAA-EF9F-4C56-96CF-2B77B8610482}.ReleaseStatic|Win32.Build.0 = Release|Win32
		{1D8FCFAA-EF9F-4C56-96CF-2B77B8610482}.ReleaseStaticLib|Win32.ActiveCfg = Release|Win32
		{1D8FCFAA-EF9F-4C56-96CF-2B77B8610482}.ReleaseStaticLib|Win32.Build.0 = Release|Win32
		{1D8FCFAA-EF9F-4C56-96CF-2B77B8610482}.Static - Debug|Win32.ActiveCfg = Debug|Win32
		{1D8FCFAA-EF9F-4C56-96CF-2B77B8610482}.Static - Debug|Win32.Build.0 = Debug|Win32
		{1D8FCFAA-EF9F-4C56-96CF-2B77B8610482}.Static - Release|Win32.ActiveCfg = Release|Win32
		{1D8FCFAA-EF9F-4C56-96CF-2B77B8610482}.Static - Release|Win32.Build.0 = Release|Win32
		{A699F783-060D-49F4-9F19-4632ED8DFFCF}.Debug|Win32.ActiveCfg = Debug|Win32
		{A699F783-060D-49F4-9F19-4632ED8DFFCF}.Debug|Win32.Build.0 = Debug|Win32
		{A699F783-060D-49F4-9F19-4632ED8DFFCF}.DebugStatic|Win32.ActiveCfg = Debug|Win32
		{A699F783-060D-49F4-9F19-4632ED8DFFCF}.DebugStatic|Win32.Build.0 = Debug|Win32
		{A699F783-060D-49F4-9F19-4632ED8DFFCF}.DebugStaticLib|Win32.ActiveCfg = Debug|Win32
		{A699F783-060D-49F4-9F19-4632ED8DFFCF}.DebugStaticLib|Win32.Build.0 = Debug|Win32
		{A699F783-060D-49F4-9F19-4632ED8DFFCF}.NoOgre - Debug|Win32.ActiveCfg = Debug|Win32
		{A699F783-060D-49F4-9F19-4632ED8DFFCF}.NoOgre - Debug|Win32.Build.0 = Debug|Win32
		{A699F783-060D-49F4-9F19-4632ED8DFFCF}.NoOgre - Release|Win32.ActiveCfg = Release|Win32
		{A699F783-060D-49F4-9F19-4632ED8DFFCF}.NoOgre - Release|Win32.Build.0 = Release|Win32
		{A699F783-060D-49F4-9F19-4632ED8DFFCF}.Release|Win32.ActiveCfg = Release|Win32
		{A699F783-060D-49F4-9F19-4632ED8DFFCF}.Release|Win32.Build.0 = Release|Win32
		{A699F783-060D-49F4-9F19-4632ED8DFFCF}.ReleaseStatic|Win32.ActiveCfg = Release|Win32
		{A699F783-060D-49F4-9F19-4632ED8DFFCF}.ReleaseStatic|Win32.Build.0 = Release|Win32
		{A699F783-060D-49F4-9F19-4632ED8DFFCF}.ReleaseStaticLib|Win32.ActiveCfg = Release|Win32
		{A699F783-060D-49F4-9F19-4632ED8DFFCF}.ReleaseStaticLib|Win32.Build.0 = Release|Win32
		{A699F783-060D-49F4-9F19-4632ED8DFFCF}.Static - Debug|Win32.ActiveCfg = Debug|Win32
		{A699F783-060D-49F4-9F19-4632ED8DFFCF}.Static - Debug|Win32.Build.0 = Debug|Win32
		{A699F783-060D-49F4-9F19-4632ED8DFFCF}.Static - Release|Win32.ActiveCfg = Release|Win32
		{A699F783-060D-49F4-9F19-4632ED8DFFCF}.Static - Release|Win32.Build.0 = Release|Win32
		{6D6C02F7-0656-4655-8868-E67EC81CB70B}.Debug|Win32.ActiveCfg = Debug|Win32
		{6D6C02F7-0656-4655-8868-E67EC81CB70B}.Debug|Win32.Build.0 = Debug|Win32
		{6D6C02F7-0656-4655-8868-E67EC81CB70B}.DebugStatic|Win32.ActiveCfg = Debug|Win32
		{6D6C02F7-0656-4655-8868-E67EC81CB70B}.DebugStatic|Win32.Build.0 = Debug|Win32
		{6D6C02F7-0656-4655-8868-E67EC81CB70B}.DebugStaticLib|Win32.ActiveCfg = Debug|Win32
		{6D6C02F7-0656-4655-8868-E67EC81CB70B}.DebugStaticLib|Win32.Build.0 = Debug|Win32
		{6D6C02F7-0656-4655-8868-E67EC81CB70B}.NoOgre - Debug|Win32.ActiveCfg = Debug|Win32
		{6D6C02F7-0656-4655-8868-E67EC81CB70B}.NoOgre - Debug|Win32.Build.0 = Debug|Win32
		{6D6C02F7-0656-4655-8868-E67EC81CB70B}.NoOgre - Release|Win32.ActiveCfg = Release|Win32
		{6D6C02F7-0656-4655-8868-E67EC81CB70B}.NoOgre - Release|Win32.Build.0 = Release|Win32
		{6D6C02F7-0656-4655-8868-E67EC81CB70B}.Release|Win32.ActiveCfg = Release|Win32
		{6D6C02F7-0656-4655-8868-E67EC81CB70B}.Release|Win32.Build.0 = Release|Win32
		{6D6C02F7-0656-4655-8868-E67EC81CB70B}.ReleaseStatic|Win32.ActiveCfg = Release|Win32
		{6D6C02F7-0656-4655-8868-E67EC81CB70B}.ReleaseStatic|Win32.Build.0 = Release|Win32
		{6D6C02F7-0656-4655-8868-E67EC81CB70B}.ReleaseStaticLib|Win32.ActiveCfg = Release|Win32
		{6D6C02F7-0656-4655-8868-E67EC81CB70B}.ReleaseStaticLib|Win32.Build.0 = Release|Win32
		{6D6C02F7-0656-4655-8868-E67EC81CB70B}.Static - Debug|Win32.ActiveCfg = Debug|Win32
		{6D6C02F7-0656-4655-8868-E67EC81CB70B}.Static - Debug|Win32.Build.0 = Debug|Win32
		{6D6C02F7-0656-4655-8868-E67EC81CB70B}.Static - Release|Win32.ActiveCfg = Release|Win32
		{6D6C02F7-0656-4655-8868-E67EC81CB70B}.Static - Release|Win32.Build.0 = Release|Win32
		{DBE44CA3-2912-4441-8D99-AA2242688AD2}.Debug|Win32.ActiveCfg = Debug|Win32
		{DBE44CA3-2912-4441-8D99-AA2242688AD2}.Debug|Win32.Build.0 = Debug|Win32
		{DBE44CA3-2912-4441-8D99-AA2242688AD2}.DebugStatic|Win32.ActiveCfg = DebugStatic|Win32
		{DBE44CA3-2912-4441-8D99-AA2242688AD2}.DebugStatic|Win32.Build.0 = DebugStatic|Win32
		{DBE44CA3-2912-4441-8D99-AA2242688AD2}.DebugStaticLib|Win32.ActiveCfg = Debug|Win32
		{DBE44CA3-2912-4441-8D99-AA2242688AD2}.DebugStaticLib|Win32.Build.0 = Debug|Win32
		{DBE44CA3-2912-4441-8D99-AA2242688AD2}.NoOgre - Debug|Win32.ActiveCfg = Debug|Win32
		{DBE44CA3-2912-4441-8D99-AA2242688AD2}.NoOgre - Debug|Win32.Build.0 = Debug|Win32
		{DBE44CA3-2912-4441-8D99-AA2242688AD2}.NoOgre - Release|Win32.ActiveCfg = Release|Win32
		{DBE44CA3-2912-4441-8D99-AA2242688AD2}.NoOgre - Release|Win32.Build.0 = Release|Win32
		{DBE44CA3-2912-4441-8D99-AA2242688AD2}.Release|Win32.ActiveCfg = Release|Win32
		{DBE44CA3-2912-4441-8D99-AA2242688AD2}.Release|Win32.Build.0 = Release|Win32
		{DBE44CA3-2912-4441-8D99-AA2242688AD2}.ReleaseStatic|Win32.ActiveCfg = ReleaseStatic|Win32
		{DBE44CA3-2912-4441-8D99-AA2242688AD2}.ReleaseStatic|Win32.Build.0 = ReleaseStatic|Win32
		{DBE44CA3-2912-4441-8D99-AA2242688AD2}.ReleaseStaticLib|Win32.ActiveCfg = Release|Win32
		{DBE44CA3-2912-4441-8D99-AA2242688AD2}.ReleaseStaticLib|Win32.Build.0 = Release|Win32
		{DBE44CA3-2912-4441-8D99-AA2242688AD2}.Static - Debug|Win32.ActiveCfg = Debug|Win32
		{DBE44CA3-2912-4441-8D99-AA2242688AD2}.Static - Debug|Win32.Build.0 = Debug|Win32
		{DBE44CA3-2912-4441-8D99-AA2242688AD2}.Static - Release|Win32.ActiveCfg = Release|Win32
		{DBE44CA3-2912-4441-8D99-AA2242688AD2}.Static - Release|Win32.Build.0 = Release|Win32
	EndGlobalSection
	GlobalSection(SolutionProperties) = preSolution
		HideSolutionNode = FALSE
	EndGlobalSection
EndGlobal
